
Microsoft Visual Studio Solution File, Format Version 12.00
# Visual Studio Version 17
VisualStudioVersion = 17.6.33815.320
MinimumVisualStudioVersion = 10.0.40219.1
Project("{FAE04EC0-301F-11D3-BF4B-00C04F79EFBC}") = "PriceAggregator.Api", "PriceAggregator.Api.csproj", "{DFF04F35-D447-4815-BBF6-A9C13D177FF8}"
EndProject
Project("{FAE04EC0-301F-11D3-BF4B-00C04F79EFBC}") = "PriceAggregatorTest", "..\PriceAggregatorTest\PriceAggregatorTest.csproj", "{66B8A6BF-C76D-4405-863A-431BFF5BD393}"
EndProject
Global
	GlobalSection(SolutionConfigurationPlatforms) = preSolution
		Debug|Any CPU = Debug|Any CPU
		Release|Any CPU = Release|Any CPU
	EndGlobalSection
	GlobalSection(ProjectConfigurationPlatforms) = postSolution
		{DFF04F35-D447-4815-BBF6-A9C13D177FF8}.Debug|Any CPU.ActiveCfg = Debug|Any CPU
		{DFF04F35-D447-4815-BBF6-A9C13D177FF8}.Debug|Any CPU.Build.0 = Debug|Any CPU
		{DFF04F35-D447-4815-BBF6-A9C13D177FF8}.Release|Any CPU.ActiveCfg = Release|Any CPU
		{DFF04F35-D447-4815-BBF6-A9C13D177FF8}.Release|Any CPU.Build.0 = Release|Any CPU
		{66B8A6BF-C76D-4405-863A-431BFF5BD393}.Debug|Any CPU.ActiveCfg = Debug|Any CPU
		{66B8A6BF-C76D-4405-863A-431BFF5BD393}.Debug|Any CPU.Build.0 = Debug|Any CPU
		{66B8A6BF-C76D-4405-863A-431BFF5BD393}.Release|Any CPU.ActiveCfg = Release|Any CPU
		{66B8A6BF-C76D-4405-863A-431BFF5BD393}.Release|Any CPU.Build.0 = Release|Any CPU
	EndGlobalSection
	GlobalSection(SolutionProperties) = preSolution
		HideSolutionNode = FALSE
	EndGlobalSection
	GlobalSection(ExtensibilityGlobals) = postSolution
		SolutionGuid = {BADE8B76-D52C-482F-B10F-02217FC03EA2}
	EndGlobalSection
EndGlobal
